
Microsoft Visual Studio Solution File, Format Version 12.00
# Visual Studio Version 16
VisualStudioVersion = 16.0.29613.14
MinimumVisualStudioVersion = 10.0.40219.1
Project("{FAE04EC0-301F-11D3-BF4B-00C04F79EFBC}") = "PyramidAPI", "PyramidAPI\PyramidAPI.csproj", "{AE94E48F-EE84-4AD2-954A-58011B06FCF4}"
EndProject
Global
	GlobalSection(SolutionConfigurationPlatforms) = preSolution
		Debug|Any CPU = Debug|Any CPU
		Release|Any CPU = Release|Any CPU
	EndGlobalSection
	GlobalSection(ProjectConfigurationPlatforms) = postSolution
		{AE94E48F-EE84-4AD2-954A-58011B06FCF4}.Debug|Any CPU.ActiveCfg = Debug|Any CPU
		{AE94E48F-EE84-4AD2-954A-58011B06FCF4}.Debug|Any CPU.Build.0 = Debug|Any CPU
		{AE94E48F-EE84-4AD2-954A-58011B06FCF4}.Release|Any CPU.ActiveCfg = Release|Any CPU
		{AE94E48F-EE84-4AD2-954A-58011B06FCF4}.Release|Any CPU.Build.0 = Release|Any CPU
	EndGlobalSection
	GlobalSection(SolutionProperties) = preSolution
		HideSolutionNode = FALSE
	EndGlobalSection
	GlobalSection(ExtensibilityGlobals) = postSolution
		SolutionGuid = {8CDFEEDF-DB1B-425E-AEAD-6EC17CEFC273}
	EndGlobalSection
EndGlobal
